
Microsoft Visual Studio Solution File, Format Version 12.00
# Visual Studio 14
VisualStudioVersion = 14.0.25420.1
MinimumVisualStudioVersion = 10.0.40219.1
Project("{FAE04EC0-301F-11D3-BF4B-00C04F79EFBC}") = "02：控制器", "02：控制器\02：控制器.csproj", "{EA711C70-0B66-44DE-83F7-D8B8FA173D2B}"
EndProject
Global
	GlobalSection(SolutionConfigurationPlatforms) = preSolution
		Debug|Any CPU = Debug|Any CPU
		Release|Any CPU = Release|Any CPU
	EndGlobalSection
	GlobalSection(ProjectConfigurationPlatforms) = postSolution
		{EA711C70-0B66-44DE-83F7-D8B8FA173D2B}.Debug|Any CPU.ActiveCfg = Debug|Any CPU
		{EA711C70-0B66-44DE-83F7-D8B8FA173D2B}.Debug|Any CPU.Build.0 = Debug|Any CPU
		{EA711C70-0B66-44DE-83F7-D8B8FA173D2B}.Release|Any CPU.ActiveCfg = Release|Any CPU
		{EA711C70-0B66-44DE-83F7-D8B8FA173D2B}.Release|Any CPU.Build.0 = Release|Any CPU
	EndGlobalSection
	GlobalSection(SolutionProperties) = preSolution
		HideSolutionNode = FALSE
	EndGlobalSection
EndGlobal
