
Microsoft Visual Studio Solution File, Format Version 12.00
# Visual Studio 2012
Project("{FAE04EC0-301F-11D3-BF4B-00C04F79EFBC}") = "if结构", "if结构\if结构.csproj", "{04493881-62AC-435C-BB39-277AE7117438}"
EndProject
Project("{FAE04EC0-301F-11D3-BF4B-00C04F79EFBC}") = "三个练习", "三个练习\三个练习.csproj", "{084AD994-8FDE-434A-81BF-B3C87C689753}"
EndProject
Project("{FAE04EC0-301F-11D3-BF4B-00C04F79EFBC}") = "精度转换练习", "精度转换练习\精度转换练习.csproj", "{C6188EB1-45D8-4F36-8A77-88798A9CA93F}"
EndProject
Project("{FAE04EC0-301F-11D3-BF4B-00C04F79EFBC}") = "四个练习", "四个练习\四个练习.csproj", "{F55A89B6-2BF4-4241-B632-F681B9D2E818}"
EndProject
Project("{FAE04EC0-301F-11D3-BF4B-00C04F79EFBC}") = "异常捕获", "异常捕获\异常捕获.csproj", "{C6C66F10-E311-4915-8553-A7D335EA4BAE}"
EndProject
Global
	GlobalSection(SolutionConfigurationPlatforms) = preSolution
		Debug|Any CPU = Debug|Any CPU
		Release|Any CPU = Release|Any CPU
	EndGlobalSection
	GlobalSection(ProjectConfigurationPlatforms) = postSolution
		{04493881-62AC-435C-BB39-277AE7117438}.Debug|Any CPU.ActiveCfg = Debug|Any CPU
		{04493881-62AC-435C-BB39-277AE7117438}.Debug|Any CPU.Build.0 = Debug|Any CPU
		{04493881-62AC-435C-BB39-277AE7117438}.Release|Any CPU.ActiveCfg = Release|Any CPU
		{04493881-62AC-435C-BB39-277AE7117438}.Release|Any CPU.Build.0 = Release|Any CPU
		{084AD994-8FDE-434A-81BF-B3C87C689753}.Debug|Any CPU.ActiveCfg = Debug|Any CPU
		{084AD994-8FDE-434A-81BF-B3C87C689753}.Debug|Any CPU.Build.0 = Debug|Any CPU
		{084AD994-8FDE-434A-81BF-B3C87C689753}.Release|Any CPU.ActiveCfg = Release|Any CPU
		{084AD994-8FDE-434A-81BF-B3C87C689753}.Release|Any CPU.Build.0 = Release|Any CPU
		{C6188EB1-45D8-4F36-8A77-88798A9CA93F}.Debug|Any CPU.ActiveCfg = Debug|Any CPU
		{C6188EB1-45D8-4F36-8A77-88798A9CA93F}.Debug|Any CPU.Build.0 = Debug|Any CPU
		{C6188EB1-45D8-4F36-8A77-88798A9CA93F}.Release|Any CPU.ActiveCfg = Release|Any CPU
		{C6188EB1-45D8-4F36-8A77-88798A9CA93F}.Release|Any CPU.Build.0 = Release|Any CPU
		{F55A89B6-2BF4-4241-B632-F681B9D2E818}.Debug|Any CPU.ActiveCfg = Debug|Any CPU
		{F55A89B6-2BF4-4241-B632-F681B9D2E818}.Debug|Any CPU.Build.0 = Debug|Any CPU
		{F55A89B6-2BF4-4241-B632-F681B9D2E818}.Release|Any CPU.ActiveCfg = Release|Any CPU
		{F55A89B6-2BF4-4241-B632-F681B9D2E818}.Release|Any CPU.Build.0 = Release|Any CPU
		{C6C66F10-E311-4915-8553-A7D335EA4BAE}.Debug|Any CPU.ActiveCfg = Debug|Any CPU
		{C6C66F10-E311-4915-8553-A7D335EA4BAE}.Debug|Any CPU.Build.0 = Debug|Any CPU
		{C6C66F10-E311-4915-8553-A7D335EA4BAE}.Release|Any CPU.ActiveCfg = Release|Any CPU
		{C6C66F10-E311-4915-8553-A7D335EA4BAE}.Release|Any CPU.Build.0 = Release|Any CPU
	EndGlobalSection
	GlobalSection(SolutionProperties) = preSolution
		HideSolutionNode = FALSE
	EndGlobalSection
EndGlobal
