
Microsoft Visual Studio Solution File, Format Version 12.00
# Visual Studio 2012
Project("{FAE04EC0-301F-11D3-BF4B-00C04F79EFBC}") = "方法的重载", "方法的重载\方法的重载.csproj", "{3BF75917-0284-463C-8293-26A641D17AEE}"
EndProject
Project("{FAE04EC0-301F-11D3-BF4B-00C04F79EFBC}") = "方法的递归", "方法的递归\方法的递归.csproj", "{8D9B60F2-42FC-4B1D-991B-435E215330BB}"
EndProject
Project("{FAE04EC0-301F-11D3-BF4B-00C04F79EFBC}") = "方法综合练习", "方法综合练习\方法综合练习.csproj", "{F829E54C-84A8-40D1-AD54-4991C4034077}"
EndProject
Project("{FAE04EC0-301F-11D3-BF4B-00C04F79EFBC}") = "方法的练习", "方法的练习\方法的练习.csproj", "{016FBD59-63E4-4BA1-A75C-751180DF43F7}"
EndProject
Project("{FAE04EC0-301F-11D3-BF4B-00C04F79EFBC}") = "方法练习02", "方法练习02\方法练习02.csproj", "{389BDB69-D0E3-49B8-B893-287F787F30FE}"
EndProject
Project("{FAE04EC0-301F-11D3-BF4B-00C04F79EFBC}") = "方法练习03", "方法练习03\方法练习03.csproj", "{BA626A90-74BC-454A-ABDF-9444A1460699}"
EndProject
Global
	GlobalSection(SolutionConfigurationPlatforms) = preSolution
		Debug|Any CPU = Debug|Any CPU
		Release|Any CPU = Release|Any CPU
	EndGlobalSection
	GlobalSection(ProjectConfigurationPlatforms) = postSolution
		{3BF75917-0284-463C-8293-26A641D17AEE}.Debug|Any CPU.ActiveCfg = Debug|Any CPU
		{3BF75917-0284-463C-8293-26A641D17AEE}.Debug|Any CPU.Build.0 = Debug|Any CPU
		{3BF75917-0284-463C-8293-26A641D17AEE}.Release|Any CPU.ActiveCfg = Release|Any CPU
		{3BF75917-0284-463C-8293-26A641D17AEE}.Release|Any CPU.Build.0 = Release|Any CPU
		{8D9B60F2-42FC-4B1D-991B-435E215330BB}.Debug|Any CPU.ActiveCfg = Debug|Any CPU
		{8D9B60F2-42FC-4B1D-991B-435E215330BB}.Debug|Any CPU.Build.0 = Debug|Any CPU
		{8D9B60F2-42FC-4B1D-991B-435E215330BB}.Release|Any CPU.ActiveCfg = Release|Any CPU
		{8D9B60F2-42FC-4B1D-991B-435E215330BB}.Release|Any CPU.Build.0 = Release|Any CPU
		{F829E54C-84A8-40D1-AD54-4991C4034077}.Debug|Any CPU.ActiveCfg = Debug|Any CPU
		{F829E54C-84A8-40D1-AD54-4991C4034077}.Debug|Any CPU.Build.0 = Debug|Any CPU
		{F829E54C-84A8-40D1-AD54-4991C4034077}.Release|Any CPU.ActiveCfg = Release|Any CPU
		{F829E54C-84A8-40D1-AD54-4991C4034077}.Release|Any CPU.Build.0 = Release|Any CPU
		{016FBD59-63E4-4BA1-A75C-751180DF43F7}.Debug|Any CPU.ActiveCfg = Debug|Any CPU
		{016FBD59-63E4-4BA1-A75C-751180DF43F7}.Debug|Any CPU.Build.0 = Debug|Any CPU
		{016FBD59-63E4-4BA1-A75C-751180DF43F7}.Release|Any CPU.ActiveCfg = Release|Any CPU
		{016FBD59-63E4-4BA1-A75C-751180DF43F7}.Release|Any CPU.Build.0 = Release|Any CPU
		{389BDB69-D0E3-49B8-B893-287F787F30FE}.Debug|Any CPU.ActiveCfg = Debug|Any CPU
		{389BDB69-D0E3-49B8-B893-287F787F30FE}.Debug|Any CPU.Build.0 = Debug|Any CPU
		{389BDB69-D0E3-49B8-B893-287F787F30FE}.Release|Any CPU.ActiveCfg = Release|Any CPU
		{389BDB69-D0E3-49B8-B893-287F787F30FE}.Release|Any CPU.Build.0 = Release|Any CPU
		{BA626A90-74BC-454A-ABDF-9444A1460699}.Debug|Any CPU.ActiveCfg = Debug|Any CPU
		{BA626A90-74BC-454A-ABDF-9444A1460699}.Debug|Any CPU.Build.0 = Debug|Any CPU
		{BA626A90-74BC-454A-ABDF-9444A1460699}.Release|Any CPU.ActiveCfg = Release|Any CPU
		{BA626A90-74BC-454A-ABDF-9444A1460699}.Release|Any CPU.Build.0 = Release|Any CPU
	EndGlobalSection
	GlobalSection(SolutionProperties) = preSolution
		HideSolutionNode = FALSE
	EndGlobalSection
EndGlobal
