
Microsoft Visual Studio Solution File, Format Version 12.00
# Visual Studio 2012
Project("{FAE04EC0-301F-11D3-BF4B-00C04F79EFBC}") = "方法练习", "方法练习\方法练习.csproj", "{77A196FE-E8AA-4D54-9F88-CDC3B58691BE}"
EndProject
Project("{FAE04EC0-301F-11D3-BF4B-00C04F79EFBC}") = "方法调用", "方法调用\方法调用.csproj", "{CA127342-C087-4A05-B15D-93747C1B12E4}"
EndProject
Project("{FAE04EC0-301F-11D3-BF4B-00C04F79EFBC}") = "方法调用--判断闰年", "方法调用--判断闰年\方法调用--判断闰年.csproj", "{3B595E44-D057-48D7-8081-0319A184394F}"
EndProject
Project("{FAE04EC0-301F-11D3-BF4B-00C04F79EFBC}") = "方法练习01", "方法练习01\方法练习01.csproj", "{B4A6D77B-81A8-4630-9372-3D9331A87166}"
EndProject
Project("{FAE04EC0-301F-11D3-BF4B-00C04F79EFBC}") = "方法练习02", "方法练习02\方法练习02.csproj", "{92E8F3DC-8CF1-489E-8210-A74D35473E6F}"
EndProject
Project("{FAE04EC0-301F-11D3-BF4B-00C04F79EFBC}") = "out参数的使用", "out参数的使用\out参数的使用.csproj", "{16547DDF-710A-4324-B6B4-57851A4C087F}"
EndProject
Project("{FAE04EC0-301F-11D3-BF4B-00C04F79EFBC}") = "使用out参数做登录", "使用out参数做登录\使用out参数做登录.csproj", "{410B5CE2-0535-4C15-A9C8-5C636EF8D06F}"
EndProject
Project("{FAE04EC0-301F-11D3-BF4B-00C04F79EFBC}") = "out参数自己动手写", "out参数自己动手写\out参数自己动手写.csproj", "{6B64A8FB-542F-444E-92C0-34F3E528EBC1}"
EndProject
Project("{FAE04EC0-301F-11D3-BF4B-00C04F79EFBC}") = "ref参数的使用", "ref参数的使用\ref参数的使用.csproj", "{42C12C36-967C-475A-B654-AF8316631BD2}"
EndProject
Project("{FAE04EC0-301F-11D3-BF4B-00C04F79EFBC}") = "ref参数的练习", "ref参数的练习\ref参数的练习.csproj", "{5B2CA80D-A550-4432-9731-0D75063DA942}"
EndProject
Project("{FAE04EC0-301F-11D3-BF4B-00C04F79EFBC}") = "params可变参数", "params可变参数\params可变参数.csproj", "{BDEE1444-DB36-422D-B43A-C9EE836F80B5}"
EndProject
Global
	GlobalSection(SolutionConfigurationPlatforms) = preSolution
		Debug|Any CPU = Debug|Any CPU
		Release|Any CPU = Release|Any CPU
	EndGlobalSection
	GlobalSection(ProjectConfigurationPlatforms) = postSolution
		{77A196FE-E8AA-4D54-9F88-CDC3B58691BE}.Debug|Any CPU.ActiveCfg = Debug|Any CPU
		{77A196FE-E8AA-4D54-9F88-CDC3B58691BE}.Debug|Any CPU.Build.0 = Debug|Any CPU
		{77A196FE-E8AA-4D54-9F88-CDC3B58691BE}.Release|Any CPU.ActiveCfg = Release|Any CPU
		{77A196FE-E8AA-4D54-9F88-CDC3B58691BE}.Release|Any CPU.Build.0 = Release|Any CPU
		{CA127342-C087-4A05-B15D-93747C1B12E4}.Debug|Any CPU.ActiveCfg = Debug|Any CPU
		{CA127342-C087-4A05-B15D-93747C1B12E4}.Debug|Any CPU.Build.0 = Debug|Any CPU
		{CA127342-C087-4A05-B15D-93747C1B12E4}.Release|Any CPU.ActiveCfg = Release|Any CPU
		{CA127342-C087-4A05-B15D-93747C1B12E4}.Release|Any CPU.Build.0 = Release|Any CPU
		{3B595E44-D057-48D7-8081-0319A184394F}.Debug|Any CPU.ActiveCfg = Debug|Any CPU
		{3B595E44-D057-48D7-8081-0319A184394F}.Debug|Any CPU.Build.0 = Debug|Any CPU
		{3B595E44-D057-48D7-8081-0319A184394F}.Release|Any CPU.ActiveCfg = Release|Any CPU
		{3B595E44-D057-48D7-8081-0319A184394F}.Release|Any CPU.Build.0 = Release|Any CPU
		{B4A6D77B-81A8-4630-9372-3D9331A87166}.Debug|Any CPU.ActiveCfg = Debug|Any CPU
		{B4A6D77B-81A8-4630-9372-3D9331A87166}.Debug|Any CPU.Build.0 = Debug|Any CPU
		{B4A6D77B-81A8-4630-9372-3D9331A87166}.Release|Any CPU.ActiveCfg = Release|Any CPU
		{B4A6D77B-81A8-4630-9372-3D9331A87166}.Release|Any CPU.Build.0 = Release|Any CPU
		{92E8F3DC-8CF1-489E-8210-A74D35473E6F}.Debug|Any CPU.ActiveCfg = Debug|Any CPU
		{92E8F3DC-8CF1-489E-8210-A74D35473E6F}.Debug|Any CPU.Build.0 = Debug|Any CPU
		{92E8F3DC-8CF1-489E-8210-A74D35473E6F}.Release|Any CPU.ActiveCfg = Release|Any CPU
		{92E8F3DC-8CF1-489E-8210-A74D35473E6F}.Release|Any CPU.Build.0 = Release|Any CPU
		{16547DDF-710A-4324-B6B4-57851A4C087F}.Debug|Any CPU.ActiveCfg = Debug|Any CPU
		{16547DDF-710A-4324-B6B4-57851A4C087F}.Debug|Any CPU.Build.0 = Debug|Any CPU
		{16547DDF-710A-4324-B6B4-57851A4C087F}.Release|Any CPU.ActiveCfg = Release|Any CPU
		{16547DDF-710A-4324-B6B4-57851A4C087F}.Release|Any CPU.Build.0 = Release|Any CPU
		{410B5CE2-0535-4C15-A9C8-5C636EF8D06F}.Debug|Any CPU.ActiveCfg = Debug|Any CPU
		{410B5CE2-0535-4C15-A9C8-5C636EF8D06F}.Debug|Any CPU.Build.0 = Debug|Any CPU
		{410B5CE2-0535-4C15-A9C8-5C636EF8D06F}.Release|Any CPU.ActiveCfg = Release|Any CPU
		{410B5CE2-0535-4C15-A9C8-5C636EF8D06F}.Release|Any CPU.Build.0 = Release|Any CPU
		{6B64A8FB-542F-444E-92C0-34F3E528EBC1}.Debug|Any CPU.ActiveCfg = Debug|Any CPU
		{6B64A8FB-542F-444E-92C0-34F3E528EBC1}.Debug|Any CPU.Build.0 = Debug|Any CPU
		{6B64A8FB-542F-444E-92C0-34F3E528EBC1}.Release|Any CPU.ActiveCfg = Release|Any CPU
		{6B64A8FB-542F-444E-92C0-34F3E528EBC1}.Release|Any CPU.Build.0 = Release|Any CPU
		{42C12C36-967C-475A-B654-AF8316631BD2}.Debug|Any CPU.ActiveCfg = Debug|Any CPU
		{42C12C36-967C-475A-B654-AF8316631BD2}.Debug|Any CPU.Build.0 = Debug|Any CPU
		{42C12C36-967C-475A-B654-AF8316631BD2}.Release|Any CPU.ActiveCfg = Release|Any CPU
		{42C12C36-967C-475A-B654-AF8316631BD2}.Release|Any CPU.Build.0 = Release|Any CPU
		{5B2CA80D-A550-4432-9731-0D75063DA942}.Debug|Any CPU.ActiveCfg = Debug|Any CPU
		{5B2CA80D-A550-4432-9731-0D75063DA942}.Debug|Any CPU.Build.0 = Debug|Any CPU
		{5B2CA80D-A550-4432-9731-0D75063DA942}.Release|Any CPU.ActiveCfg = Release|Any CPU
		{5B2CA80D-A550-4432-9731-0D75063DA942}.Release|Any CPU.Build.0 = Release|Any CPU
		{BDEE1444-DB36-422D-B43A-C9EE836F80B5}.Debug|Any CPU.ActiveCfg = Debug|Any CPU
		{BDEE1444-DB36-422D-B43A-C9EE836F80B5}.Debug|Any CPU.Build.0 = Debug|Any CPU
		{BDEE1444-DB36-422D-B43A-C9EE836F80B5}.Release|Any CPU.ActiveCfg = Release|Any CPU
		{BDEE1444-DB36-422D-B43A-C9EE836F80B5}.Release|Any CPU.Build.0 = Release|Any CPU
	EndGlobalSection
	GlobalSection(SolutionProperties) = preSolution
		HideSolutionNode = FALSE
	EndGlobalSection
EndGlobal
