
Microsoft Visual Studio Solution File, Format Version 12.00
# Visual Studio 14
VisualStudioVersion = 14.0.25420.1
MinimumVisualStudioVersion = 10.0.40219.1
Project("{FAE04EC0-301F-11D3-BF4B-00C04F79EFBC}") = "练习01", "练习01\练习01.csproj", "{548F3968-D71F-47F3-9E35-31BD458F52CD}"
EndProject
Project("{FAE04EC0-301F-11D3-BF4B-00C04F79EFBC}") = "练习02", "练习02\练习02.csproj", "{D7899883-11AF-47A0-A1CB-4BDADADF4257}"
EndProject
Project("{FAE04EC0-301F-11D3-BF4B-00C04F79EFBC}") = "练习03", "练习03\练习03.csproj", "{F9840F26-DFAB-47DB-95D5-BE50126FB79C}"
EndProject
Project("{FAE04EC0-301F-11D3-BF4B-00C04F79EFBC}") = "练习04", "练习04\练习04.csproj", "{32682AAE-8CAB-4AEB-BD30-17535784BBB7}"
EndProject
Project("{FAE04EC0-301F-11D3-BF4B-00C04F79EFBC}") = "练习05", "练习05\练习05.csproj", "{BC161178-94CD-474B-B4F8-C493F373A4E3}"
EndProject
Project("{FAE04EC0-301F-11D3-BF4B-00C04F79EFBC}") = "练习06", "练习06\练习06.csproj", "{D8CA85B3-2016-42A8-89C6-CB36BAAFE97E}"
EndProject
Project("{FAE04EC0-301F-11D3-BF4B-00C04F79EFBC}") = "练习07", "练习07\练习07.csproj", "{5B03F553-364F-4FB8-95DD-B3F66740D4E7}"
EndProject
Project("{FAE04EC0-301F-11D3-BF4B-00C04F79EFBC}") = "练习08", "练习08\练习08.csproj", "{3473C8DA-8059-45AA-A994-3D525919E7BF}"
EndProject
Project("{FAE04EC0-301F-11D3-BF4B-00C04F79EFBC}") = "练习09", "练习09\练习09.csproj", "{805CE3C8-C633-4045-A4D9-F9422FE3BCB7}"
EndProject
Project("{FAE04EC0-301F-11D3-BF4B-00C04F79EFBC}") = "练习10", "练习10\练习10.csproj", "{ACB8398A-D14B-489D-B737-C80A40BF603A}"
EndProject
Project("{FAE04EC0-301F-11D3-BF4B-00C04F79EFBC}") = "练习11", "练习11\练习11.csproj", "{DF130539-616B-4C83-80D8-DE297AF9E3A9}"
EndProject
Project("{FAE04EC0-301F-11D3-BF4B-00C04F79EFBC}") = "练习12", "练习12\练习12.csproj", "{35FD954C-F39D-4325-833D-3842AEA34577}"
EndProject
Project("{FAE04EC0-301F-11D3-BF4B-00C04F79EFBC}") = "练习13", "练习13\练习13.csproj", "{00D73CF0-B448-4FF4-A155-3377F6594F22}"
EndProject
Project("{FAE04EC0-301F-11D3-BF4B-00C04F79EFBC}") = "练习14", "练习14\练习14.csproj", "{79E01A66-95CB-4611-8FE2-810C8ED7616B}"
EndProject
Project("{FAE04EC0-301F-11D3-BF4B-00C04F79EFBC}") = "练习15", "练习15\练习15.csproj", "{2DA8B608-9B1C-4C33-8C35-B088BC73CD12}"
EndProject
Project("{FAE04EC0-301F-11D3-BF4B-00C04F79EFBC}") = "练习16", "练习16\练习16.csproj", "{E23DDABE-370B-4D20-ACDE-95DC8A74F56D}"
EndProject
Project("{FAE04EC0-301F-11D3-BF4B-00C04F79EFBC}") = "练习17", "练习17\练习17.csproj", "{E6ADDB2D-BD3A-4D60-A4D5-BC1A1DE9E9D6}"
EndProject
Project("{FAE04EC0-301F-11D3-BF4B-00C04F79EFBC}") = "练习18", "练习18\练习18.csproj", "{E792871E-FDFF-4CBE-9667-217454E5A848}"
EndProject
Project("{FAE04EC0-301F-11D3-BF4B-00C04F79EFBC}") = "练习19", "练习19\练习19.csproj", "{6FA0F36A-69AC-4823-A120-17296B92B180}"
EndProject
Project("{FAE04EC0-301F-11D3-BF4B-00C04F79EFBC}") = "练习20", "练习20\练习20.csproj", "{E8B885AB-23E4-42AE-9DBA-779483B5792E}"
EndProject
Project("{FAE04EC0-301F-11D3-BF4B-00C04F79EFBC}") = "练习21", "练习21\练习21.csproj", "{319842E9-75F5-4FD0-BD33-2AA9C40114D9}"
EndProject
Global
	GlobalSection(SolutionConfigurationPlatforms) = preSolution
		Debug|Any CPU = Debug|Any CPU
		Release|Any CPU = Release|Any CPU
	EndGlobalSection
	GlobalSection(ProjectConfigurationPlatforms) = postSolution
		{548F3968-D71F-47F3-9E35-31BD458F52CD}.Debug|Any CPU.ActiveCfg = Debug|Any CPU
		{548F3968-D71F-47F3-9E35-31BD458F52CD}.Debug|Any CPU.Build.0 = Debug|Any CPU
		{548F3968-D71F-47F3-9E35-31BD458F52CD}.Release|Any CPU.ActiveCfg = Release|Any CPU
		{548F3968-D71F-47F3-9E35-31BD458F52CD}.Release|Any CPU.Build.0 = Release|Any CPU
		{D7899883-11AF-47A0-A1CB-4BDADADF4257}.Debug|Any CPU.ActiveCfg = Debug|Any CPU
		{D7899883-11AF-47A0-A1CB-4BDADADF4257}.Debug|Any CPU.Build.0 = Debug|Any CPU
		{D7899883-11AF-47A0-A1CB-4BDADADF4257}.Release|Any CPU.ActiveCfg = Release|Any CPU
		{D7899883-11AF-47A0-A1CB-4BDADADF4257}.Release|Any CPU.Build.0 = Release|Any CPU
		{F9840F26-DFAB-47DB-95D5-BE50126FB79C}.Debug|Any CPU.ActiveCfg = Debug|Any CPU
		{F9840F26-DFAB-47DB-95D5-BE50126FB79C}.Debug|Any CPU.Build.0 = Debug|Any CPU
		{F9840F26-DFAB-47DB-95D5-BE50126FB79C}.Release|Any CPU.ActiveCfg = Release|Any CPU
		{F9840F26-DFAB-47DB-95D5-BE50126FB79C}.Release|Any CPU.Build.0 = Release|Any CPU
		{32682AAE-8CAB-4AEB-BD30-17535784BBB7}.Debug|Any CPU.ActiveCfg = Debug|Any CPU
		{32682AAE-8CAB-4AEB-BD30-17535784BBB7}.Debug|Any CPU.Build.0 = Debug|Any CPU
		{32682AAE-8CAB-4AEB-BD30-17535784BBB7}.Release|Any CPU.ActiveCfg = Release|Any CPU
		{32682AAE-8CAB-4AEB-BD30-17535784BBB7}.Release|Any CPU.Build.0 = Release|Any CPU
		{BC161178-94CD-474B-B4F8-C493F373A4E3}.Debug|Any CPU.ActiveCfg = Debug|Any CPU
		{BC161178-94CD-474B-B4F8-C493F373A4E3}.Debug|Any CPU.Build.0 = Debug|Any CPU
		{BC161178-94CD-474B-B4F8-C493F373A4E3}.Release|Any CPU.ActiveCfg = Release|Any CPU
		{BC161178-94CD-474B-B4F8-C493F373A4E3}.Release|Any CPU.Build.0 = Release|Any CPU
		{D8CA85B3-2016-42A8-89C6-CB36BAAFE97E}.Debug|Any CPU.ActiveCfg = Debug|Any CPU
		{D8CA85B3-2016-42A8-89C6-CB36BAAFE97E}.Debug|Any CPU.Build.0 = Debug|Any CPU
		{D8CA85B3-2016-42A8-89C6-CB36BAAFE97E}.Release|Any CPU.ActiveCfg = Release|Any CPU
		{D8CA85B3-2016-42A8-89C6-CB36BAAFE97E}.Release|Any CPU.Build.0 = Release|Any CPU
		{5B03F553-364F-4FB8-95DD-B3F66740D4E7}.Debug|Any CPU.ActiveCfg = Debug|Any CPU
		{5B03F553-364F-4FB8-95DD-B3F66740D4E7}.Debug|Any CPU.Build.0 = Debug|Any CPU
		{5B03F553-364F-4FB8-95DD-B3F66740D4E7}.Release|Any CPU.ActiveCfg = Release|Any CPU
		{5B03F553-364F-4FB8-95DD-B3F66740D4E7}.Release|Any CPU.Build.0 = Release|Any CPU
		{3473C8DA-8059-45AA-A994-3D525919E7BF}.Debug|Any CPU.ActiveCfg = Debug|Any CPU
		{3473C8DA-8059-45AA-A994-3D525919E7BF}.Debug|Any CPU.Build.0 = Debug|Any CPU
		{3473C8DA-8059-45AA-A994-3D525919E7BF}.Release|Any CPU.ActiveCfg = Release|Any CPU
		{3473C8DA-8059-45AA-A994-3D525919E7BF}.Release|Any CPU.Build.0 = Release|Any CPU
		{805CE3C8-C633-4045-A4D9-F9422FE3BCB7}.Debug|Any CPU.ActiveCfg = Debug|Any CPU
		{805CE3C8-C633-4045-A4D9-F9422FE3BCB7}.Debug|Any CPU.Build.0 = Debug|Any CPU
		{805CE3C8-C633-4045-A4D9-F9422FE3BCB7}.Release|Any CPU.ActiveCfg = Release|Any CPU
		{805CE3C8-C633-4045-A4D9-F9422FE3BCB7}.Release|Any CPU.Build.0 = Release|Any CPU
		{ACB8398A-D14B-489D-B737-C80A40BF603A}.Debug|Any CPU.ActiveCfg = Debug|Any CPU
		{ACB8398A-D14B-489D-B737-C80A40BF603A}.Debug|Any CPU.Build.0 = Debug|Any CPU
		{ACB8398A-D14B-489D-B737-C80A40BF603A}.Release|Any CPU.ActiveCfg = Release|Any CPU
		{ACB8398A-D14B-489D-B737-C80A40BF603A}.Release|Any CPU.Build.0 = Release|Any CPU
		{DF130539-616B-4C83-80D8-DE297AF9E3A9}.Debug|Any CPU.ActiveCfg = Debug|Any CPU
		{DF130539-616B-4C83-80D8-DE297AF9E3A9}.Debug|Any CPU.Build.0 = Debug|Any CPU
		{DF130539-616B-4C83-80D8-DE297AF9E3A9}.Release|Any CPU.ActiveCfg = Release|Any CPU
		{DF130539-616B-4C83-80D8-DE297AF9E3A9}.Release|Any CPU.Build.0 = Release|Any CPU
		{35FD954C-F39D-4325-833D-3842AEA34577}.Debug|Any CPU.ActiveCfg = Debug|Any CPU
		{35FD954C-F39D-4325-833D-3842AEA34577}.Debug|Any CPU.Build.0 = Debug|Any CPU
		{35FD954C-F39D-4325-833D-3842AEA34577}.Release|Any CPU.ActiveCfg = Release|Any CPU
		{35FD954C-F39D-4325-833D-3842AEA34577}.Release|Any CPU.Build.0 = Release|Any CPU
		{00D73CF0-B448-4FF4-A155-3377F6594F22}.Debug|Any CPU.ActiveCfg = Debug|Any CPU
		{00D73CF0-B448-4FF4-A155-3377F6594F22}.Debug|Any CPU.Build.0 = Debug|Any CPU
		{00D73CF0-B448-4FF4-A155-3377F6594F22}.Release|Any CPU.ActiveCfg = Release|Any CPU
		{00D73CF0-B448-4FF4-A155-3377F6594F22}.Release|Any CPU.Build.0 = Release|Any CPU
		{79E01A66-95CB-4611-8FE2-810C8ED7616B}.Debug|Any CPU.ActiveCfg = Debug|Any CPU
		{79E01A66-95CB-4611-8FE2-810C8ED7616B}.Debug|Any CPU.Build.0 = Debug|Any CPU
		{79E01A66-95CB-4611-8FE2-810C8ED7616B}.Release|Any CPU.ActiveCfg = Release|Any CPU
		{79E01A66-95CB-4611-8FE2-810C8ED7616B}.Release|Any CPU.Build.0 = Release|Any CPU
		{2DA8B608-9B1C-4C33-8C35-B088BC73CD12}.Debug|Any CPU.ActiveCfg = Debug|Any CPU
		{2DA8B608-9B1C-4C33-8C35-B088BC73CD12}.Debug|Any CPU.Build.0 = Debug|Any CPU
		{2DA8B608-9B1C-4C33-8C35-B088BC73CD12}.Release|Any CPU.ActiveCfg = Release|Any CPU
		{2DA8B608-9B1C-4C33-8C35-B088BC73CD12}.Release|Any CPU.Build.0 = Release|Any CPU
		{E23DDABE-370B-4D20-ACDE-95DC8A74F56D}.Debug|Any CPU.ActiveCfg = Debug|Any CPU
		{E23DDABE-370B-4D20-ACDE-95DC8A74F56D}.Debug|Any CPU.Build.0 = Debug|Any CPU
		{E23DDABE-370B-4D20-ACDE-95DC8A74F56D}.Release|Any CPU.ActiveCfg = Release|Any CPU
		{E23DDABE-370B-4D20-ACDE-95DC8A74F56D}.Release|Any CPU.Build.0 = Release|Any CPU
		{E6ADDB2D-BD3A-4D60-A4D5-BC1A1DE9E9D6}.Debug|Any CPU.ActiveCfg = Debug|Any CPU
		{E6ADDB2D-BD3A-4D60-A4D5-BC1A1DE9E9D6}.Debug|Any CPU.Build.0 = Debug|Any CPU
		{E6ADDB2D-BD3A-4D60-A4D5-BC1A1DE9E9D6}.Release|Any CPU.ActiveCfg = Release|Any CPU
		{E6ADDB2D-BD3A-4D60-A4D5-BC1A1DE9E9D6}.Release|Any CPU.Build.0 = Release|Any CPU
		{E792871E-FDFF-4CBE-9667-217454E5A848}.Debug|Any CPU.ActiveCfg = Debug|Any CPU
		{E792871E-FDFF-4CBE-9667-217454E5A848}.Debug|Any CPU.Build.0 = Debug|Any CPU
		{E792871E-FDFF-4CBE-9667-217454E5A848}.Release|Any CPU.ActiveCfg = Release|Any CPU
		{E792871E-FDFF-4CBE-9667-217454E5A848}.Release|Any CPU.Build.0 = Release|Any CPU
		{6FA0F36A-69AC-4823-A120-17296B92B180}.Debug|Any CPU.ActiveCfg = Debug|Any CPU
		{6FA0F36A-69AC-4823-A120-17296B92B180}.Debug|Any CPU.Build.0 = Debug|Any CPU
		{6FA0F36A-69AC-4823-A120-17296B92B180}.Release|Any CPU.ActiveCfg = Release|Any CPU
		{6FA0F36A-69AC-4823-A120-17296B92B180}.Release|Any CPU.Build.0 = Release|Any CPU
		{E8B885AB-23E4-42AE-9DBA-779483B5792E}.Debug|Any CPU.ActiveCfg = Debug|Any CPU
		{E8B885AB-23E4-42AE-9DBA-779483B5792E}.Debug|Any CPU.Build.0 = Debug|Any CPU
		{E8B885AB-23E4-42AE-9DBA-779483B5792E}.Release|Any CPU.ActiveCfg = Release|Any CPU
		{E8B885AB-23E4-42AE-9DBA-779483B5792E}.Release|Any CPU.Build.0 = Release|Any CPU
		{319842E9-75F5-4FD0-BD33-2AA9C40114D9}.Debug|Any CPU.ActiveCfg = Debug|Any CPU
		{319842E9-75F5-4FD0-BD33-2AA9C40114D9}.Debug|Any CPU.Build.0 = Debug|Any CPU
		{319842E9-75F5-4FD0-BD33-2AA9C40114D9}.Release|Any CPU.ActiveCfg = Release|Any CPU
		{319842E9-75F5-4FD0-BD33-2AA9C40114D9}.Release|Any CPU.Build.0 = Release|Any CPU
	EndGlobalSection
	GlobalSection(SolutionProperties) = preSolution
		HideSolutionNode = FALSE
	EndGlobalSection
EndGlobal
