
Microsoft Visual Studio Solution File, Format Version 12.00
# Visual Studio 14
VisualStudioVersion = 14.0.25420.1
MinimumVisualStudioVersion = 10.0.40219.1
Project("{FAE04EC0-301F-11D3-BF4B-00C04F79EFBC}") = "01：内置对象", "01：内置对象\01：内置对象.csproj", "{4270879C-6215-4F39-B60D-BBA6359FDFAB}"
EndProject
Global
	GlobalSection(SolutionConfigurationPlatforms) = preSolution
		Debug|Any CPU = Debug|Any CPU
		Release|Any CPU = Release|Any CPU
	EndGlobalSection
	GlobalSection(ProjectConfigurationPlatforms) = postSolution
		{4270879C-6215-4F39-B60D-BBA6359FDFAB}.Debug|Any CPU.ActiveCfg = Debug|Any CPU
		{4270879C-6215-4F39-B60D-BBA6359FDFAB}.Debug|Any CPU.Build.0 = Debug|Any CPU
		{4270879C-6215-4F39-B60D-BBA6359FDFAB}.Release|Any CPU.ActiveCfg = Release|Any CPU
		{4270879C-6215-4F39-B60D-BBA6359FDFAB}.Release|Any CPU.Build.0 = Release|Any CPU
	EndGlobalSection
	GlobalSection(SolutionProperties) = preSolution
		HideSolutionNode = FALSE
	EndGlobalSection
EndGlobal
