
Microsoft Visual Studio Solution File, Format Version 12.00
# Visual Studio 2012
Project("{FAE04EC0-301F-11D3-BF4B-00C04F79EFBC}") = "枚举", "枚举\枚举.csproj", "{E1DBDAA3-5781-4204-A0FE-FF7C27D6179A}"
EndProject
Project("{FAE04EC0-301F-11D3-BF4B-00C04F79EFBC}") = "结构", "结构\结构.csproj", "{1AB35BCA-52EA-4A62-91EC-9F9C3C734B86}"
EndProject
Project("{FAE04EC0-301F-11D3-BF4B-00C04F79EFBC}") = "结构练习", "结构练习\结构练习.csproj", "{5EAB0151-8F5B-40A0-9768-57ECC4114EA7}"
EndProject
Project("{FAE04EC0-301F-11D3-BF4B-00C04F79EFBC}") = "枚举类型和string以及int类型之间的转换", "枚举类型和string以及int类型之间的转换\枚举类型和string以及int类型之间的转换.csproj", "{D8654044-581F-4C1B-9AE5-BF305CBE3226}"
EndProject
Project("{FAE04EC0-301F-11D3-BF4B-00C04F79EFBC}") = "数组", "数组\数组.csproj", "{2FE3B79D-082E-4D25-956F-7FF113CBD21D}"
EndProject
Project("{FAE04EC0-301F-11D3-BF4B-00C04F79EFBC}") = "数组练习", "数组练习\数组练习.csproj", "{8329DC45-B4A1-48DB-AB52-A58016F7D7B9}"
EndProject
Project("{FAE04EC0-301F-11D3-BF4B-00C04F79EFBC}") = "冒泡排序", "冒泡排序\冒泡排序.csproj", "{09CA61E0-1890-40AD-8B5A-948E256DFFEC}"
EndProject
Global
	GlobalSection(SolutionConfigurationPlatforms) = preSolution
		Debug|Any CPU = Debug|Any CPU
		Release|Any CPU = Release|Any CPU
	EndGlobalSection
	GlobalSection(ProjectConfigurationPlatforms) = postSolution
		{E1DBDAA3-5781-4204-A0FE-FF7C27D6179A}.Debug|Any CPU.ActiveCfg = Debug|Any CPU
		{E1DBDAA3-5781-4204-A0FE-FF7C27D6179A}.Debug|Any CPU.Build.0 = Debug|Any CPU
		{E1DBDAA3-5781-4204-A0FE-FF7C27D6179A}.Release|Any CPU.ActiveCfg = Release|Any CPU
		{E1DBDAA3-5781-4204-A0FE-FF7C27D6179A}.Release|Any CPU.Build.0 = Release|Any CPU
		{1AB35BCA-52EA-4A62-91EC-9F9C3C734B86}.Debug|Any CPU.ActiveCfg = Debug|Any CPU
		{1AB35BCA-52EA-4A62-91EC-9F9C3C734B86}.Debug|Any CPU.Build.0 = Debug|Any CPU
		{1AB35BCA-52EA-4A62-91EC-9F9C3C734B86}.Release|Any CPU.ActiveCfg = Release|Any CPU
		{1AB35BCA-52EA-4A62-91EC-9F9C3C734B86}.Release|Any CPU.Build.0 = Release|Any CPU
		{5EAB0151-8F5B-40A0-9768-57ECC4114EA7}.Debug|Any CPU.ActiveCfg = Debug|Any CPU
		{5EAB0151-8F5B-40A0-9768-57ECC4114EA7}.Debug|Any CPU.Build.0 = Debug|Any CPU
		{5EAB0151-8F5B-40A0-9768-57ECC4114EA7}.Release|Any CPU.ActiveCfg = Release|Any CPU
		{5EAB0151-8F5B-40A0-9768-57ECC4114EA7}.Release|Any CPU.Build.0 = Release|Any CPU
		{D8654044-581F-4C1B-9AE5-BF305CBE3226}.Debug|Any CPU.ActiveCfg = Debug|Any CPU
		{D8654044-581F-4C1B-9AE5-BF305CBE3226}.Debug|Any CPU.Build.0 = Debug|Any CPU
		{D8654044-581F-4C1B-9AE5-BF305CBE3226}.Release|Any CPU.ActiveCfg = Release|Any CPU
		{D8654044-581F-4C1B-9AE5-BF305CBE3226}.Release|Any CPU.Build.0 = Release|Any CPU
		{2FE3B79D-082E-4D25-956F-7FF113CBD21D}.Debug|Any CPU.ActiveCfg = Debug|Any CPU
		{2FE3B79D-082E-4D25-956F-7FF113CBD21D}.Debug|Any CPU.Build.0 = Debug|Any CPU
		{2FE3B79D-082E-4D25-956F-7FF113CBD21D}.Release|Any CPU.ActiveCfg = Release|Any CPU
		{2FE3B79D-082E-4D25-956F-7FF113CBD21D}.Release|Any CPU.Build.0 = Release|Any CPU
		{8329DC45-B4A1-48DB-AB52-A58016F7D7B9}.Debug|Any CPU.ActiveCfg = Debug|Any CPU
		{8329DC45-B4A1-48DB-AB52-A58016F7D7B9}.Debug|Any CPU.Build.0 = Debug|Any CPU
		{8329DC45-B4A1-48DB-AB52-A58016F7D7B9}.Release|Any CPU.ActiveCfg = Release|Any CPU
		{8329DC45-B4A1-48DB-AB52-A58016F7D7B9}.Release|Any CPU.Build.0 = Release|Any CPU
		{09CA61E0-1890-40AD-8B5A-948E256DFFEC}.Debug|Any CPU.ActiveCfg = Debug|Any CPU
		{09CA61E0-1890-40AD-8B5A-948E256DFFEC}.Debug|Any CPU.Build.0 = Debug|Any CPU
		{09CA61E0-1890-40AD-8B5A-948E256DFFEC}.Release|Any CPU.ActiveCfg = Release|Any CPU
		{09CA61E0-1890-40AD-8B5A-948E256DFFEC}.Release|Any CPU.Build.0 = Release|Any CPU
	EndGlobalSection
	GlobalSection(SolutionProperties) = preSolution
		HideSolutionNode = FALSE
	EndGlobalSection
EndGlobal
